schema: '2.0'
stages:
  data_ingestion:
    cmd: python src/data_ingestion.py
    deps:
    - path: src/data_ingestion.py
      hash: md5
      md5: a026f239bfc9fa3213883d3dba61cf29
      size: 3886
    params:
      params.yaml:
        data_ingestion.test_size: 0.2
    outs:
    - path: data/raw
      hash: md5
      md5: 3b3cf3a9ca588cc150553eee569b3fe3.dir
      size: 484846
      nfiles: 2
  preprocessing:
    cmd: python src/preprocessing.py
    deps:
    - path: data/raw
      hash: md5
      md5: 3b3cf3a9ca588cc150553eee569b3fe3.dir
      size: 484846
      nfiles: 2
    - path: src/preprocessing.py
      hash: md5
      md5: f7dbddff6ebb8e920a7e6e1580dd5bf7
      size: 4107
    outs:
    - path: data/interim
      hash: md5
      md5: 916c6caeb0b18a84e06083f1514dce42.dir
      size: 284189
      nfiles: 2
  feature_engineering:
    cmd: python src/feature_engineering.py
    deps:
    - path: data/interim
      hash: md5
      md5: 916c6caeb0b18a84e06083f1514dce42.dir
      size: 284189
      nfiles: 2
    - path: src/feature_engineering.py
      hash: md5
      md5: af6be358ad25be7ffcc121e2c1890937
      size: 3938
    params:
      params.yaml:
        feature_engineering.max_features: 100
    outs:
    - path: data/processed
      hash: md5
      md5: 50553364fef9c67ad59b3accf8dd36b8.dir
      size: 1190827
      nfiles: 2
  model_building:
    cmd: python src/model_training.py
    deps:
    - path: data/processed
      hash: md5
      md5: 50553364fef9c67ad59b3accf8dd36b8.dir
      size: 1190827
      nfiles: 2
    - path: src/model_training.py
      hash: md5
      md5: db7f412674a8c3ca95f6e9eaf82baf7c
      size: 3799
    params:
      params.yaml:
        model_training.n_estimators: 100
        model_training.random_state: 42
    outs:
    - path: models/random_forest_model.pkl
      hash: md5
      md5: d4c942666c18bd5bc153b7aad5050362
      size: 4174221
  model_evaluation:
    cmd: python src/model_evaluation.py
    deps:
    - path: models/random_forest_model.pkl
      hash: md5
      md5: d4c942666c18bd5bc153b7aad5050362
      size: 4174221
    - path: src/model_evaluation.py
      hash: md5
      md5: 2c3da4435a38da2607d901dafb9332c0
      size: 3952
    outs:
    - path: metrics/model_evaluation.json
      hash: md5
      md5: a7a7955b60695c1053a7dde599fdde84
      size: 149
