schema: '2.0'
stages:
  data_ingestion:
    cmd: python src/data_ingestion.py
    deps:
    - path: src/data_ingestion.py
      hash: md5
      md5: 78c49f8d53a5f5dc75a4bb0896bdb69a
      size: 4626
    params:
      params.yaml:
        data_ingestion.test_size: 0.15
    outs:
    - path: data/raw
      hash: md5
      md5: e0ca0360b13b8deedbf58bd1670a9a90.dir
      size: 484846
      nfiles: 2
  preprocessing:
    cmd: python src/preprocessing.py
    deps:
    - path: data/raw
      hash: md5
      md5: e0ca0360b13b8deedbf58bd1670a9a90.dir
      size: 484846
      nfiles: 2
    - path: src/preprocessing.py
      hash: md5
      md5: f7dbddff6ebb8e920a7e6e1580dd5bf7
      size: 4107
    outs:
    - path: data/interim
      hash: md5
      md5: fe352ebb288d6e27d27c77c7171ab36a.dir
      size: 283074
      nfiles: 2
  feature_engineering:
    cmd: python src/feature_engineering.py
    deps:
    - path: data/interim
      hash: md5
      md5: fe352ebb288d6e27d27c77c7171ab36a.dir
      size: 283074
      nfiles: 2
    - path: src/feature_engineering.py
      hash: md5
      md5: eb248e23feccc19f00f268a530a095b3
      size: 4636
    params:
      params.yaml:
        feature_engineering.max_features: 150
    outs:
    - path: data/processed
      hash: md5
      md5: c30abc8ea827102873d6dbd9617affc0.dir
      size: 3414101
      nfiles: 2
  model_building:
    cmd: python src/model_training.py
    deps:
    - path: data/processed
      hash: md5
      md5: c30abc8ea827102873d6dbd9617affc0.dir
      size: 3414101
      nfiles: 2
    - path: src/model_training.py
      hash: md5
      md5: 51601419aaf8eaba5c8719894f48260b
      size: 4422
    params:
      params.yaml:
        model_training.n_estimators: 120
        model_training.random_state: 70
    outs:
    - path: models/random_forest_model.pkl
      hash: md5
      md5: 074afe1ded681c7592c4eec875b2c1a5
      size: 7551405
  model_evaluation:
    cmd: python src/model_evaluation.py
    deps:
    - path: models/random_forest_model.pkl
      hash: md5
      md5: 074afe1ded681c7592c4eec875b2c1a5
      size: 7551405
    - path: src/model_evaluation.py
      hash: md5
      md5: 2c3da4435a38da2607d901dafb9332c0
      size: 3952
    outs:
    - path: metrics/model_evaluation.json
      hash: md5
      md5: 753b90720f6f1fc45836b5d2b1815df8
      size: 147
